
Microsoft Visual Studio Solution File, Format Version 12.00
# Visual Studio Version 17
VisualStudioVersion = 17.3.32825.248
MinimumVisualStudioVersion = 10.0.40219.1
Project("{9A19103F-16F7-4668-BE54-9A1E7A4F7556}") = "OM_ScheduleTool", "OM_ScheduleTool\OM_ScheduleTool.csproj", "{2EADB7AC-A59D-4FA2-9A33-36F4E28114F0}"
EndProject
Project("{FAE04EC0-301F-11D3-BF4B-00C04F79EFBC}") = "ServiceDefaults", "ServiceDefaults\ServiceDefaults.csproj", "{AFFE32E9-013C-4D18-8AB2-33D2F839500B}"
EndProject
Project("{FAE04EC0-301F-11D3-BF4B-00C04F79EFBC}") = "AppHost", "AppHost\AppHost.csproj", "{66951012-DB4F-4859-8FC0-1E0386C0974B}"
EndProject
Global
	GlobalSection(SolutionConfigurationPlatforms) = preSolution
		Debug|Any CPU = Debug|Any CPU
		Release|Any CPU = Release|Any CPU
	EndGlobalSection
	GlobalSection(ProjectConfigurationPlatforms) = postSolution
		{2EADB7AC-A59D-4FA2-9A33-36F4E28114F0}.Debug|Any CPU.ActiveCfg = Debug|Any CPU
		{2EADB7AC-A59D-4FA2-9A33-36F4E28114F0}.Debug|Any CPU.Build.0 = Debug|Any CPU
		{2EADB7AC-A59D-4FA2-9A33-36F4E28114F0}.Release|Any CPU.ActiveCfg = Release|Any CPU
		{2EADB7AC-A59D-4FA2-9A33-36F4E28114F0}.Release|Any CPU.Build.0 = Release|Any CPU
		{AFFE32E9-013C-4D18-8AB2-33D2F839500B}.Debug|Any CPU.ActiveCfg = Debug|Any CPU
		{AFFE32E9-013C-4D18-8AB2-33D2F839500B}.Debug|Any CPU.Build.0 = Debug|Any CPU
		{AFFE32E9-013C-4D18-8AB2-33D2F839500B}.Release|Any CPU.ActiveCfg = Release|Any CPU
		{AFFE32E9-013C-4D18-8AB2-33D2F839500B}.Release|Any CPU.Build.0 = Release|Any CPU
		{66951012-DB4F-4859-8FC0-1E0386C0974B}.Debug|Any CPU.ActiveCfg = Debug|Any CPU
		{66951012-DB4F-4859-8FC0-1E0386C0974B}.Debug|Any CPU.Build.0 = Debug|Any CPU
		{66951012-DB4F-4859-8FC0-1E0386C0974B}.Release|Any CPU.ActiveCfg = Release|Any CPU
		{66951012-DB4F-4859-8FC0-1E0386C0974B}.Release|Any CPU.Build.0 = Release|Any CPU
	EndGlobalSection
	GlobalSection(SolutionProperties) = preSolution
		HideSolutionNode = FALSE
	EndGlobalSection
	GlobalSection(ExtensibilityGlobals) = postSolution
		SolutionGuid = {7C25036B-D3D9-472C-BDD3-B39336368AD5}
	EndGlobalSection
	GlobalSection(TeamFoundationVersionControl) = preSolution
		SccNumberOfProjects = 4
		SccEnterpriseProvider = {4CA58AB2-18FA-4F8D-95D4-32DDF27D184C}
		SccTeamFoundationServer = https://oceanmediaapplications.visualstudio.com/
		SccLocalPath0 = .
		SccProjectUniqueName1 = OM_ScheduleTool\\OM_ScheduleTool.csproj
		SccProjectName1 = OM_ScheduleTool
		SccLocalPath1 = OM_ScheduleTool
		SccProjectUniqueName2 = ServiceDefaults\\ServiceDefaults.csproj
		SccProjectName2 = ServiceDefaults
		SccLocalPath2 = ServiceDefaults
		SccProjectUniqueName3 = AppHost\\AppHost.csproj
		SccProjectName3 = AppHost
		SccLocalPath3 = AppHost
	EndGlobalSection
EndGlobal
